
Microsoft Visual Studio Solution File, Format Version 12.00
# Visual Studio Version 16
VisualStudioVersion = 16.0.30503.244
MinimumVisualStudioVersion = 10.0.40219.1
Project("{FAE04EC0-301F-11D3-BF4B-00C04F79EFBC}") = "FormsAppCatalogo", "FormsAppCatalogo.csproj", "{B62D164D-F1D8-406C-B773-26081D5FA9B0}"
EndProject
Project("{FAE04EC0-301F-11D3-BF4B-00C04F79EFBC}") = "Dominio", "..\Dominio\Dominio.csproj", "{D5B2E8ED-7E0F-49C7-BA94-CAA146CDF10C}"
EndProject
Project("{FAE04EC0-301F-11D3-BF4B-00C04F79EFBC}") = "Negocio", "..\Negocio\Negocio.csproj", "{3553CD62-F258-48D5-8E76-00BBF7B0DD32}"
EndProject
Global
	GlobalSection(SolutionConfigurationPlatforms) = preSolution
		Debug|Any CPU = Debug|Any CPU
		Release|Any CPU = Release|Any CPU
	EndGlobalSection
	GlobalSection(ProjectConfigurationPlatforms) = postSolution
		{B62D164D-F1D8-406C-B773-26081D5FA9B0}.Debug|Any CPU.ActiveCfg = Debug|Any CPU
		{B62D164D-F1D8-406C-B773-26081D5FA9B0}.Debug|Any CPU.Build.0 = Debug|Any CPU
		{B62D164D-F1D8-406C-B773-26081D5FA9B0}.Release|Any CPU.ActiveCfg = Release|Any CPU
		{B62D164D-F1D8-406C-B773-26081D5FA9B0}.Release|Any CPU.Build.0 = Release|Any CPU
		{D5B2E8ED-7E0F-49C7-BA94-CAA146CDF10C}.Debug|Any CPU.ActiveCfg = Debug|Any CPU
		{D5B2E8ED-7E0F-49C7-BA94-CAA146CDF10C}.Debug|Any CPU.Build.0 = Debug|Any CPU
		{D5B2E8ED-7E0F-49C7-BA94-CAA146CDF10C}.Release|Any CPU.ActiveCfg = Release|Any CPU
		{D5B2E8ED-7E0F-49C7-BA94-CAA146CDF10C}.Release|Any CPU.Build.0 = Release|Any CPU
		{3553CD62-F258-48D5-8E76-00BBF7B0DD32}.Debug|Any CPU.ActiveCfg = Debug|Any CPU
		{3553CD62-F258-48D5-8E76-00BBF7B0DD32}.Debug|Any CPU.Build.0 = Debug|Any CPU
		{3553CD62-F258-48D5-8E76-00BBF7B0DD32}.Release|Any CPU.ActiveCfg = Release|Any CPU
		{3553CD62-F258-48D5-8E76-00BBF7B0DD32}.Release|Any CPU.Build.0 = Release|Any CPU
	EndGlobalSection
	GlobalSection(SolutionProperties) = preSolution
		HideSolutionNode = FALSE
	EndGlobalSection
	GlobalSection(ExtensibilityGlobals) = postSolution
		SolutionGuid = {014E4B7C-0105-480A-B141-937B97083A9A}
	EndGlobalSection
EndGlobal
